
Microsoft Visual Studio Solution File, Format Version 12.00
# Visual Studio Version 16
VisualStudioVersion = 16.0.31702.278
MinimumVisualStudioVersion = 10.0.40219.1
Project("{FAE04EC0-301F-11D3-BF4B-00C04F79EFBC}") = "MyContainer-Application", "MyContainer-Application\MyContainer-Application.csproj", "{3DB491A3-3055-4A69-B77B-32E10062BC39}"
EndProject
Global
	GlobalSection(SolutionConfigurationPlatforms) = preSolution
		Debug|Any CPU = Debug|Any CPU
		Release|Any CPU = Release|Any CPU
	EndGlobalSection
	GlobalSection(ProjectConfigurationPlatforms) = postSolution
		{3DB491A3-3055-4A69-B77B-32E10062BC39}.Debug|Any CPU.ActiveCfg = Debug|Any CPU
		{3DB491A3-3055-4A69-B77B-32E10062BC39}.Debug|Any CPU.Build.0 = Debug|Any CPU
		{3DB491A3-3055-4A69-B77B-32E10062BC39}.Release|Any CPU.ActiveCfg = Release|Any CPU
		{3DB491A3-3055-4A69-B77B-32E10062BC39}.Release|Any CPU.Build.0 = Release|Any CPU
	EndGlobalSection
	GlobalSection(SolutionProperties) = preSolution
		HideSolutionNode = FALSE
	EndGlobalSection
	GlobalSection(ExtensibilityGlobals) = postSolution
		SolutionGuid = {D9D53EF6-FB92-47B1-92B1-01F4960E2E74}
	EndGlobalSection
EndGlobal
